# This file is automatically @generated by Poetry 1.7.1 and should not be changed by hand.

[[package]]
name = "pyautoit"
version = "0.6.5"
description = "Python binding for AutoItX3.dll"
optional = false
python-versions = "*"
files = [
    {file = "PyAutoIt-0.6.5-py3-none-any.whl", hash = "sha256:00935e9a3d7b4afd1a4baa1d52ecaf1cd414bbc0332c7e0165101ef59ba055a8"},
    {file = "PyAutoIt-0.6.5.tar.gz", hash = "sha256:091f669a6cacdc47b48b56ce9021cf97f192d8ad008eef911e842a87989ae82c"},
]

[[package]]
name = "pyserial"
version = "3.5"
description = "Python Serial Port Extension"
optional = false
python-versions = "*"
files = [
    {file = "pyserial-3.5-py2.py3-none-any.whl", hash = "sha256:c4451db6ba391ca6ca299fb3ec7bae67a5c55dde170964c7a14ceefec02f2cf0"},
    {file = "pyserial-3.5.tar.gz", hash = "sha256:3c77e014170dfffbd816e6ffc205e9842efb10be9f58ec16d3e8675b4925cddb"},
]

[package.extras]
cp2110 = ["hidapi"]

[[package]]
name = "pysimplegui"
version = "4.60.5"
description = "Python GUIs for Humans. Launched in 2018. It's 2022 & PySimpleGUI is an ACTIVE & supported project. Super-simple to create custom GUI's. 325+ Demo programs & Cookbook for rapid start. Extensive documentation. Main docs at www.PySimpleGUI.org. Fun & your success are the focus. Examples using Machine Learning (GUI, OpenCV Integration), Rainmeter Style Desktop Widgets, Matplotlib + Pyplot, PIL support, add GUI to command line scripts, PDF & Image Viewers. Great for beginners & advanced GUI programmers."
optional = false
python-versions = "*"
files = [
    {file = "PySimpleGUI-4.60.5-py3-none-any.whl", hash = "sha256:004f33311ee685a5287fad54f500f7290b40d7c806044e478b1384f85dedce64"},
    {file = "PySimpleGUI-4.60.5.tar.gz", hash = "sha256:31014d1cc5eef1373d7e93564ff2604662645cc774a939b1f01aa253e7f9d78b"},
]

[metadata]
lock-version = "2.0"
python-versions = "^3.12"
content-hash = "853f922e7eef4749d72d6191de5d621cf9c461b1418fb094fb5e21cb7864167a"
